
Microsoft Visual Studio Solution File, Format Version 12.00
# Visual Studio Version 17
VisualStudioVersion = 17.11.35327.3
MinimumVisualStudioVersion = 10.0.40219.1
Project("{FAE04EC0-301F-11D3-BF4B-00C04F79EFBC}") = "AdventOfCode", "AdventOfCode\AdventOfCode.csproj", "{BA6D27FB-C797-4CD7-A73C-F47BE76521D9}"
EndProject
Project("{FAE04EC0-301F-11D3-BF4B-00C04F79EFBC}") = "Day 01", "Day 01\Day 01.csproj", "{51653B55-5806-4E62-AF27-1FD47EE2BA46}"
EndProject
Project("{FAE04EC0-301F-11D3-BF4B-00C04F79EFBC}") = "Day 02", "Day 02\Day 02.csproj", "{6E386B62-EFCC-4DBF-8444-C8830594835C}"
EndProject
Project("{FAE04EC0-301F-11D3-BF4B-00C04F79EFBC}") = "Day 03", "Day 03\Day 03.csproj", "{0804FA11-65E1-40AB-A206-B6C1ACA395F6}"
EndProject
Project("{FAE04EC0-301F-11D3-BF4B-00C04F79EFBC}") = "Day 04", "Day 04\Day 04.csproj", "{A1226E41-5E52-42FE-B2CA-99E38F9D6F4A}"
EndProject
Project("{FAE04EC0-301F-11D3-BF4B-00C04F79EFBC}") = "Day 05", "Day 05\Day 05.csproj", "{E3768A8D-3FDE-42FB-9C58-ED058A49D118}"
EndProject
Project("{FAE04EC0-301F-11D3-BF4B-00C04F79EFBC}") = "Day 06", "Day 06\Day 06.csproj", "{8397C4E5-3558-4942-9546-2ECC7D7F7E6F}"
EndProject
Project("{FAE04EC0-301F-11D3-BF4B-00C04F79EFBC}") = "Day 07", "Day 07\Day 07.csproj", "{CBB83CA6-B7BB-4E20-8204-26B1925A1B95}"
EndProject
Project("{FAE04EC0-301F-11D3-BF4B-00C04F79EFBC}") = "Day 08", "Day 08\Day 08.csproj", "{40508E54-ED64-4C13-AA3B-9E942CA95658}"
EndProject
Project("{FAE04EC0-301F-11D3-BF4B-00C04F79EFBC}") = "Day 09", "Day 09\Day 09.csproj", "{9C72E267-5F67-4A5D-A485-3DA22EE6CCF5}"
EndProject
Project("{FAE04EC0-301F-11D3-BF4B-00C04F79EFBC}") = "Day 10", "Day 10\Day 10.csproj", "{444FF51F-9883-449E-AFD4-29ABCDB68562}"
EndProject
Project("{FAE04EC0-301F-11D3-BF4B-00C04F79EFBC}") = "Day 11", "Day 11\Day 11.csproj", "{C8F99AC5-BA47-44E2-83DD-44ED75D028F0}"
EndProject
Project("{FAE04EC0-301F-11D3-BF4B-00C04F79EFBC}") = "Day 12", "Day 12\Day 12.csproj", "{1A206E6D-95A9-44BA-A108-9EC09B4BDCAD}"
EndProject
Project("{FAE04EC0-301F-11D3-BF4B-00C04F79EFBC}") = "Day 13", "Day 13\Day 13.csproj", "{0B9EC6F2-C5FD-499A-A31B-231A940E81AF}"
EndProject
Project("{FAE04EC0-301F-11D3-BF4B-00C04F79EFBC}") = "Day 14", "Day 14\Day 14.csproj", "{5D611C80-6D17-4FA1-BBA0-9313F71160BA}"
EndProject
Project("{FAE04EC0-301F-11D3-BF4B-00C04F79EFBC}") = "Day 15", "Day 15\Day 15.csproj", "{5F00A1C4-1590-4FE9-9B26-AF03CEDF9ABA}"
EndProject
Project("{FAE04EC0-301F-11D3-BF4B-00C04F79EFBC}") = "Day 16", "Day 16\Day 16.csproj", "{6694B86E-DF85-4FCE-9913-75619BA9B194}"
EndProject
Project("{FAE04EC0-301F-11D3-BF4B-00C04F79EFBC}") = "Day 17", "Day 17\Day 17.csproj", "{BAA04EB7-596B-401A-A538-0E7C9BF7DD6E}"
EndProject
Project("{FAE04EC0-301F-11D3-BF4B-00C04F79EFBC}") = "Day 18", "Day 18\Day 18.csproj", "{18DC9FEE-5157-4EB2-ADDA-2D86E2478946}"
EndProject
Project("{FAE04EC0-301F-11D3-BF4B-00C04F79EFBC}") = "Day 19", "Day 19\Day 19.csproj", "{1DAB8380-E1ED-40CA-A8D4-3AE12B44583A}"
EndProject
Project("{FAE04EC0-301F-11D3-BF4B-00C04F79EFBC}") = "Day 20", "Day 20\Day 20.csproj", "{C5B93D56-141A-482A-A06D-F34B209ED367}"
EndProject
Project("{FAE04EC0-301F-11D3-BF4B-00C04F79EFBC}") = "Day 21", "Day 21\Day 21.csproj", "{35C5DA0B-EF01-4199-9767-926F86030F6F}"
EndProject
Project("{FAE04EC0-301F-11D3-BF4B-00C04F79EFBC}") = "Day 22", "Day 22\Day 22.csproj", "{D2072142-BEE0-4208-BFD9-AC0011398C82}"
EndProject
Project("{FAE04EC0-301F-11D3-BF4B-00C04F79EFBC}") = "Day 23", "Day 23\Day 23.csproj", "{82CAA69D-B06F-4576-B829-C20C38C1EB2A}"
EndProject
Project("{FAE04EC0-301F-11D3-BF4B-00C04F79EFBC}") = "Day 24", "Day 24\Day 24.csproj", "{0DE38C5D-4623-4CBB-9C44-6A01BA336D24}"
EndProject
Project("{FAE04EC0-301F-11D3-BF4B-00C04F79EFBC}") = "Day 25", "Day 25\Day 25.csproj", "{082D4F5F-8EFA-417B-AAE1-D91E7236EA39}"
EndProject
Global
	GlobalSection(SolutionConfigurationPlatforms) = preSolution
		Debug|Any CPU = Debug|Any CPU
		Release|Any CPU = Release|Any CPU
	EndGlobalSection
	GlobalSection(ProjectConfigurationPlatforms) = postSolution
		{BA6D27FB-C797-4CD7-A73C-F47BE76521D9}.Debug|Any CPU.ActiveCfg = Debug|Any CPU
		{BA6D27FB-C797-4CD7-A73C-F47BE76521D9}.Debug|Any CPU.Build.0 = Debug|Any CPU
		{BA6D27FB-C797-4CD7-A73C-F47BE76521D9}.Release|Any CPU.ActiveCfg = Release|Any CPU
		{BA6D27FB-C797-4CD7-A73C-F47BE76521D9}.Release|Any CPU.Build.0 = Release|Any CPU
		{51653B55-5806-4E62-AF27-1FD47EE2BA46}.Debug|Any CPU.ActiveCfg = Debug|Any CPU
		{51653B55-5806-4E62-AF27-1FD47EE2BA46}.Debug|Any CPU.Build.0 = Debug|Any CPU
		{51653B55-5806-4E62-AF27-1FD47EE2BA46}.Release|Any CPU.ActiveCfg = Release|Any CPU
		{51653B55-5806-4E62-AF27-1FD47EE2BA46}.Release|Any CPU.Build.0 = Release|Any CPU
		{6E386B62-EFCC-4DBF-8444-C8830594835C}.Debug|Any CPU.ActiveCfg = Debug|Any CPU
		{6E386B62-EFCC-4DBF-8444-C8830594835C}.Debug|Any CPU.Build.0 = Debug|Any CPU
		{6E386B62-EFCC-4DBF-8444-C8830594835C}.Release|Any CPU.ActiveCfg = Release|Any CPU
		{6E386B62-EFCC-4DBF-8444-C8830594835C}.Release|Any CPU.Build.0 = Release|Any CPU
		{0804FA11-65E1-40AB-A206-B6C1ACA395F6}.Debug|Any CPU.ActiveCfg = Debug|Any CPU
		{0804FA11-65E1-40AB-A206-B6C1ACA395F6}.Debug|Any CPU.Build.0 = Debug|Any CPU
		{0804FA11-65E1-40AB-A206-B6C1ACA395F6}.Release|Any CPU.ActiveCfg = Release|Any CPU
		{0804FA11-65E1-40AB-A206-B6C1ACA395F6}.Release|Any CPU.Build.0 = Release|Any CPU
		{A1226E41-5E52-42FE-B2CA-99E38F9D6F4A}.Debug|Any CPU.ActiveCfg = Debug|Any CPU
		{A1226E41-5E52-42FE-B2CA-99E38F9D6F4A}.Debug|Any CPU.Build.0 = Debug|Any CPU
		{A1226E41-5E52-42FE-B2CA-99E38F9D6F4A}.Release|Any CPU.ActiveCfg = Release|Any CPU
		{A1226E41-5E52-42FE-B2CA-99E38F9D6F4A}.Release|Any CPU.Build.0 = Release|Any CPU
		{E3768A8D-3FDE-42FB-9C58-ED058A49D118}.Debug|Any CPU.ActiveCfg = Debug|Any CPU
		{E3768A8D-3FDE-42FB-9C58-ED058A49D118}.Debug|Any CPU.Build.0 = Debug|Any CPU
		{E3768A8D-3FDE-42FB-9C58-ED058A49D118}.Release|Any CPU.ActiveCfg = Release|Any CPU
		{E3768A8D-3FDE-42FB-9C58-ED058A49D118}.Release|Any CPU.Build.0 = Release|Any CPU
		{8397C4E5-3558-4942-9546-2ECC7D7F7E6F}.Debug|Any CPU.ActiveCfg = Debug|Any CPU
		{8397C4E5-3558-4942-9546-2ECC7D7F7E6F}.Debug|Any CPU.Build.0 = Debug|Any CPU
		{8397C4E5-3558-4942-9546-2ECC7D7F7E6F}.Release|Any CPU.ActiveCfg = Release|Any CPU
		{8397C4E5-3558-4942-9546-2ECC7D7F7E6F}.Release|Any CPU.Build.0 = Release|Any CPU
		{CBB83CA6-B7BB-4E20-8204-26B1925A1B95}.Debug|Any CPU.ActiveCfg = Debug|Any CPU
		{CBB83CA6-B7BB-4E20-8204-26B1925A1B95}.Debug|Any CPU.Build.0 = Debug|Any CPU
		{CBB83CA6-B7BB-4E20-8204-26B1925A1B95}.Release|Any CPU.ActiveCfg = Release|Any CPU
		{CBB83CA6-B7BB-4E20-8204-26B1925A1B95}.Release|Any CPU.Build.0 = Release|Any CPU
		{40508E54-ED64-4C13-AA3B-9E942CA95658}.Debug|Any CPU.ActiveCfg = Debug|Any CPU
		{40508E54-ED64-4C13-AA3B-9E942CA95658}.Debug|Any CPU.Build.0 = Debug|Any CPU
		{40508E54-ED64-4C13-AA3B-9E942CA95658}.Release|Any CPU.ActiveCfg = Release|Any CPU
		{40508E54-ED64-4C13-AA3B-9E942CA95658}.Release|Any CPU.Build.0 = Release|Any CPU
		{9C72E267-5F67-4A5D-A485-3DA22EE6CCF5}.Debug|Any CPU.ActiveCfg = Debug|Any CPU
		{9C72E267-5F67-4A5D-A485-3DA22EE6CCF5}.Debug|Any CPU.Build.0 = Debug|Any CPU
		{9C72E267-5F67-4A5D-A485-3DA22EE6CCF5}.Release|Any CPU.ActiveCfg = Release|Any CPU
		{9C72E267-5F67-4A5D-A485-3DA22EE6CCF5}.Release|Any CPU.Build.0 = Release|Any CPU
		{444FF51F-9883-449E-AFD4-29ABCDB68562}.Debug|Any CPU.ActiveCfg = Debug|Any CPU
		{444FF51F-9883-449E-AFD4-29ABCDB68562}.Debug|Any CPU.Build.0 = Debug|Any CPU
		{444FF51F-9883-449E-AFD4-29ABCDB68562}.Release|Any CPU.ActiveCfg = Release|Any CPU
		{444FF51F-9883-449E-AFD4-29ABCDB68562}.Release|Any CPU.Build.0 = Release|Any CPU
		{C8F99AC5-BA47-44E2-83DD-44ED75D028F0}.Debug|Any CPU.ActiveCfg = Debug|Any CPU
		{C8F99AC5-BA47-44E2-83DD-44ED75D028F0}.Debug|Any CPU.Build.0 = Debug|Any CPU
		{C8F99AC5-BA47-44E2-83DD-44ED75D028F0}.Release|Any CPU.ActiveCfg = Release|Any CPU
		{C8F99AC5-BA47-44E2-83DD-44ED75D028F0}.Release|Any CPU.Build.0 = Release|Any CPU
		{1A206E6D-95A9-44BA-A108-9EC09B4BDCAD}.Debug|Any CPU.ActiveCfg = Debug|Any CPU
		{1A206E6D-95A9-44BA-A108-9EC09B4BDCAD}.Debug|Any CPU.Build.0 = Debug|Any CPU
		{1A206E6D-95A9-44BA-A108-9EC09B4BDCAD}.Release|Any CPU.ActiveCfg = Release|Any CPU
		{1A206E6D-95A9-44BA-A108-9EC09B4BDCAD}.Release|Any CPU.Build.0 = Release|Any CPU
		{0B9EC6F2-C5FD-499A-A31B-231A940E81AF}.Debug|Any CPU.ActiveCfg = Debug|Any CPU
		{0B9EC6F2-C5FD-499A-A31B-231A940E81AF}.Debug|Any CPU.Build.0 = Debug|Any CPU
		{0B9EC6F2-C5FD-499A-A31B-231A940E81AF}.Release|Any CPU.ActiveCfg = Release|Any CPU
		{0B9EC6F2-C5FD-499A-A31B-231A940E81AF}.Release|Any CPU.Build.0 = Release|Any CPU
		{5D611C80-6D17-4FA1-BBA0-9313F71160BA}.Debug|Any CPU.ActiveCfg = Debug|Any CPU
		{5D611C80-6D17-4FA1-BBA0-9313F71160BA}.Debug|Any CPU.Build.0 = Debug|Any CPU
		{5D611C80-6D17-4FA1-BBA0-9313F71160BA}.Release|Any CPU.ActiveCfg = Release|Any CPU
		{5D611C80-6D17-4FA1-BBA0-9313F71160BA}.Release|Any CPU.Build.0 = Release|Any CPU
		{5F00A1C4-1590-4FE9-9B26-AF03CEDF9ABA}.Debug|Any CPU.ActiveCfg = Debug|Any CPU
		{5F00A1C4-1590-4FE9-9B26-AF03CEDF9ABA}.Debug|Any CPU.Build.0 = Debug|Any CPU
		{5F00A1C4-1590-4FE9-9B26-AF03CEDF9ABA}.Release|Any CPU.ActiveCfg = Release|Any CPU
		{5F00A1C4-1590-4FE9-9B26-AF03CEDF9ABA}.Release|Any CPU.Build.0 = Release|Any CPU
		{6694B86E-DF85-4FCE-9913-75619BA9B194}.Debug|Any CPU.ActiveCfg = Debug|Any CPU
		{6694B86E-DF85-4FCE-9913-75619BA9B194}.Debug|Any CPU.Build.0 = Debug|Any CPU
		{6694B86E-DF85-4FCE-9913-75619BA9B194}.Release|Any CPU.ActiveCfg = Release|Any CPU
		{6694B86E-DF85-4FCE-9913-75619BA9B194}.Release|Any CPU.Build.0 = Release|Any CPU
		{BAA04EB7-596B-401A-A538-0E7C9BF7DD6E}.Debug|Any CPU.ActiveCfg = Debug|Any CPU
		{BAA04EB7-596B-401A-A538-0E7C9BF7DD6E}.Debug|Any CPU.Build.0 = Debug|Any CPU
		{BAA04EB7-596B-401A-A538-0E7C9BF7DD6E}.Release|Any CPU.ActiveCfg = Release|Any CPU
		{BAA04EB7-596B-401A-A538-0E7C9BF7DD6E}.Release|Any CPU.Build.0 = Release|Any CPU
		{18DC9FEE-5157-4EB2-ADDA-2D86E2478946}.Debug|Any CPU.ActiveCfg = Debug|Any CPU
		{18DC9FEE-5157-4EB2-ADDA-2D86E2478946}.Debug|Any CPU.Build.0 = Debug|Any CPU
		{18DC9FEE-5157-4EB2-ADDA-2D86E2478946}.Release|Any CPU.ActiveCfg = Release|Any CPU
		{18DC9FEE-5157-4EB2-ADDA-2D86E2478946}.Release|Any CPU.Build.0 = Release|Any CPU
		{1DAB8380-E1ED-40CA-A8D4-3AE12B44583A}.Debug|Any CPU.ActiveCfg = Debug|Any CPU
		{1DAB8380-E1ED-40CA-A8D4-3AE12B44583A}.Debug|Any CPU.Build.0 = Debug|Any CPU
		{1DAB8380-E1ED-40CA-A8D4-3AE12B44583A}.Release|Any CPU.ActiveCfg = Release|Any CPU
		{1DAB8380-E1ED-40CA-A8D4-3AE12B44583A}.Release|Any CPU.Build.0 = Release|Any CPU
		{C5B93D56-141A-482A-A06D-F34B209ED367}.Debug|Any CPU.ActiveCfg = Debug|Any CPU
		{C5B93D56-141A-482A-A06D-F34B209ED367}.Debug|Any CPU.Build.0 = Debug|Any CPU
		{C5B93D56-141A-482A-A06D-F34B209ED367}.Release|Any CPU.ActiveCfg = Release|Any CPU
		{C5B93D56-141A-482A-A06D-F34B209ED367}.Release|Any CPU.Build.0 = Release|Any CPU
		{35C5DA0B-EF01-4199-9767-926F86030F6F}.Debug|Any CPU.ActiveCfg = Debug|Any CPU
		{35C5DA0B-EF01-4199-9767-926F86030F6F}.Debug|Any CPU.Build.0 = Debug|Any CPU
		{35C5DA0B-EF01-4199-9767-926F86030F6F}.Release|Any CPU.ActiveCfg = Release|Any CPU
		{35C5DA0B-EF01-4199-9767-926F86030F6F}.Release|Any CPU.Build.0 = Release|Any CPU
		{D2072142-BEE0-4208-BFD9-AC0011398C82}.Debug|Any CPU.ActiveCfg = Debug|Any CPU
		{D2072142-BEE0-4208-BFD9-AC0011398C82}.Debug|Any CPU.Build.0 = Debug|Any CPU
		{D2072142-BEE0-4208-BFD9-AC0011398C82}.Release|Any CPU.ActiveCfg = Release|Any CPU
		{D2072142-BEE0-4208-BFD9-AC0011398C82}.Release|Any CPU.Build.0 = Release|Any CPU
		{82CAA69D-B06F-4576-B829-C20C38C1EB2A}.Debug|Any CPU.ActiveCfg = Debug|Any CPU
		{82CAA69D-B06F-4576-B829-C20C38C1EB2A}.Debug|Any CPU.Build.0 = Debug|Any CPU
		{82CAA69D-B06F-4576-B829-C20C38C1EB2A}.Release|Any CPU.ActiveCfg = Release|Any CPU
		{82CAA69D-B06F-4576-B829-C20C38C1EB2A}.Release|Any CPU.Build.0 = Release|Any CPU
		{0DE38C5D-4623-4CBB-9C44-6A01BA336D24}.Debug|Any CPU.ActiveCfg = Debug|Any CPU
		{0DE38C5D-4623-4CBB-9C44-6A01BA336D24}.Debug|Any CPU.Build.0 = Debug|Any CPU
		{0DE38C5D-4623-4CBB-9C44-6A01BA336D24}.Release|Any CPU.ActiveCfg = Release|Any CPU
		{0DE38C5D-4623-4CBB-9C44-6A01BA336D24}.Release|Any CPU.Build.0 = Release|Any CPU
		{082D4F5F-8EFA-417B-AAE1-D91E7236EA39}.Debug|Any CPU.ActiveCfg = Debug|Any CPU
		{082D4F5F-8EFA-417B-AAE1-D91E7236EA39}.Debug|Any CPU.Build.0 = Debug|Any CPU
		{082D4F5F-8EFA-417B-AAE1-D91E7236EA39}.Release|Any CPU.ActiveCfg = Release|Any CPU
		{082D4F5F-8EFA-417B-AAE1-D91E7236EA39}.Release|Any CPU.Build.0 = Release|Any CPU
	EndGlobalSection
	GlobalSection(SolutionProperties) = preSolution
		HideSolutionNode = FALSE
	EndGlobalSection
	GlobalSection(ExtensibilityGlobals) = postSolution
		SolutionGuid = {D38AAEB1-8E62-4694-A5F7-014DB2A3E3AD}
	EndGlobalSection
EndGlobal
