
Microsoft Visual Studio Solution File, Format Version 12.00
# Visual Studio Version 16
VisualStudioVersion = 16.0.30406.217
MinimumVisualStudioVersion = 10.0.40219.1
Project("{9A19103F-16F7-4668-BE54-9A1E7A4F7556}") = "Day01", "Day01\Day01.csproj", "{66630C7B-7B4D-4E61-A7A1-3A28046AC90E}"
EndProject
Project("{9A19103F-16F7-4668-BE54-9A1E7A4F7556}") = "Day02", "Day02\Day02.csproj", "{25F4C7A6-AACB-40B2-8E3F-A1430DA6BD7C}"
EndProject
Project("{9A19103F-16F7-4668-BE54-9A1E7A4F7556}") = "Day04", "Day04\Day04.csproj", "{C90AD162-0349-47E3-A973-DC1998ADC5CC}"
EndProject
Project("{9A19103F-16F7-4668-BE54-9A1E7A4F7556}") = "Day05", "Day05\Day05.csproj", "{2ED2BEFD-E7A6-4565-8E28-DEB06627286A}"
EndProject
Project("{9A19103F-16F7-4668-BE54-9A1E7A4F7556}") = "Day06", "Day06\Day06.csproj", "{4F8C2077-FB9F-47F5-B11B-7DF3E0CD675C}"
EndProject
Project("{9A19103F-16F7-4668-BE54-9A1E7A4F7556}") = "Common", "Common\Common.csproj", "{61BF07CE-DB33-4E87-AB9A-00FD286856F5}"
EndProject
Project("{9A19103F-16F7-4668-BE54-9A1E7A4F7556}") = "Day03", "Day03\Day03.csproj", "{2C51AF9A-AEF7-4D75-BEF6-E47C6B5DF62A}"
EndProject
Project("{9A19103F-16F7-4668-BE54-9A1E7A4F7556}") = "Day07", "Day07\Day07.csproj", "{BD909209-EBC8-4BD0-9092-0005EF98E046}"
EndProject
Project("{9A19103F-16F7-4668-BE54-9A1E7A4F7556}") = "Day08", "Day08\Day08.csproj", "{1CCB4DBE-1A9A-4757-B9BA-63F44AFB8EAB}"
EndProject
Project("{9A19103F-16F7-4668-BE54-9A1E7A4F7556}") = "Day09", "Day09\Day09.csproj", "{24F53146-4F05-4DF8-A2F9-25EA160DD5A7}"
EndProject
Project("{9A19103F-16F7-4668-BE54-9A1E7A4F7556}") = "Day10", "Day10\Day10.csproj", "{6DA36551-F8AD-47D9-8166-8B63AE4B5858}"
EndProject
Project("{9A19103F-16F7-4668-BE54-9A1E7A4F7556}") = "Day11", "Day11\Day11.csproj", "{58E5CD3C-B068-418F-A3A4-B90280421B6E}"
EndProject
Project("{9A19103F-16F7-4668-BE54-9A1E7A4F7556}") = "Day12", "Day12\Day12.csproj", "{6897A274-6943-4F3A-BC62-88CFDB134270}"
EndProject
Project("{9A19103F-16F7-4668-BE54-9A1E7A4F7556}") = "Day13", "Day13\Day13.csproj", "{926A853E-0C60-49CD-8916-C2A1B33F8481}"
EndProject
Project("{9A19103F-16F7-4668-BE54-9A1E7A4F7556}") = "Day14", "Day14\Day14.csproj", "{F1580249-7F07-4D2F-9CB4-7FE9EFDC9278}"
EndProject
Project("{9A19103F-16F7-4668-BE54-9A1E7A4F7556}") = "Day15", "Day15\Day15.csproj", "{70AE6860-8A23-42AC-9EB5-725E395C7B41}"
EndProject
Project("{9A19103F-16F7-4668-BE54-9A1E7A4F7556}") = "Day16", "Day16\Day16.csproj", "{B186F302-985C-4B53-BB9C-047D16A1C2BC}"
EndProject
Project("{9A19103F-16F7-4668-BE54-9A1E7A4F7556}") = "Day17", "Day17\Day17.csproj", "{F57CC8BA-EEBB-4EBC-B252-4912B828158A}"
EndProject
Project("{9A19103F-16F7-4668-BE54-9A1E7A4F7556}") = "Day18", "Day18\Day18.csproj", "{BF6E5361-9EF0-46AD-A997-1A4E4EFB21A2}"
EndProject
Project("{9A19103F-16F7-4668-BE54-9A1E7A4F7556}") = "Day19", "Day19\Day19.csproj", "{59EA89B8-76BB-4677-B7CD-FF1B5613554B}"
EndProject
Project("{9A19103F-16F7-4668-BE54-9A1E7A4F7556}") = "Day20", "Day20\Day20.csproj", "{C5F28104-ED14-405C-AA9A-0F6DAFD6D1E5}"
EndProject
Project("{9A19103F-16F7-4668-BE54-9A1E7A4F7556}") = "Day21", "Day21\Day21.csproj", "{B8FFF681-64AB-41AD-9D1B-2C519215C85E}"
EndProject
Project("{9A19103F-16F7-4668-BE54-9A1E7A4F7556}") = "Day22", "Day22\Day22.csproj", "{8E94D946-B6E3-4A1C-A665-6DA17143069D}"
EndProject
Project("{9A19103F-16F7-4668-BE54-9A1E7A4F7556}") = "Day23", "Day23\Day23.csproj", "{9477A144-2844-42C1-B029-384301C9F7B7}"
EndProject
Project("{9A19103F-16F7-4668-BE54-9A1E7A4F7556}") = "Day24", "Day24\Day24.csproj", "{D2FEF776-C995-4602-988A-2F00A8586350}"
EndProject
Project("{FAE04EC0-301F-11D3-BF4B-00C04F79EFBC}") = "Day25", "Day25\Day25.csproj", "{35084086-36BE-4F2C-99E4-4F0068F6B1F6}"
EndProject
Project("{9A19103F-16F7-4668-BE54-9A1E7A4F7556}") = "AdventOfCode", "AdventOfCode\AdventOfCode.csproj", "{9AAFD668-818C-4A85-9B1A-81CEBB04472C}"
EndProject
Global
	GlobalSection(SolutionConfigurationPlatforms) = preSolution
		Debug|Any CPU = Debug|Any CPU
		Release|Any CPU = Release|Any CPU
	EndGlobalSection
	GlobalSection(ProjectConfigurationPlatforms) = postSolution
		{66630C7B-7B4D-4E61-A7A1-3A28046AC90E}.Debug|Any CPU.ActiveCfg = Debug|Any CPU
		{66630C7B-7B4D-4E61-A7A1-3A28046AC90E}.Debug|Any CPU.Build.0 = Debug|Any CPU
		{66630C7B-7B4D-4E61-A7A1-3A28046AC90E}.Release|Any CPU.ActiveCfg = Release|Any CPU
		{66630C7B-7B4D-4E61-A7A1-3A28046AC90E}.Release|Any CPU.Build.0 = Release|Any CPU
		{25F4C7A6-AACB-40B2-8E3F-A1430DA6BD7C}.Debug|Any CPU.ActiveCfg = Debug|Any CPU
		{25F4C7A6-AACB-40B2-8E3F-A1430DA6BD7C}.Debug|Any CPU.Build.0 = Debug|Any CPU
		{25F4C7A6-AACB-40B2-8E3F-A1430DA6BD7C}.Release|Any CPU.ActiveCfg = Release|Any CPU
		{25F4C7A6-AACB-40B2-8E3F-A1430DA6BD7C}.Release|Any CPU.Build.0 = Release|Any CPU
		{C90AD162-0349-47E3-A973-DC1998ADC5CC}.Debug|Any CPU.ActiveCfg = Debug|Any CPU
		{C90AD162-0349-47E3-A973-DC1998ADC5CC}.Debug|Any CPU.Build.0 = Debug|Any CPU
		{C90AD162-0349-47E3-A973-DC1998ADC5CC}.Release|Any CPU.ActiveCfg = Release|Any CPU
		{C90AD162-0349-47E3-A973-DC1998ADC5CC}.Release|Any CPU.Build.0 = Release|Any CPU
		{2ED2BEFD-E7A6-4565-8E28-DEB06627286A}.Debug|Any CPU.ActiveCfg = Debug|Any CPU
		{2ED2BEFD-E7A6-4565-8E28-DEB06627286A}.Debug|Any CPU.Build.0 = Debug|Any CPU
		{2ED2BEFD-E7A6-4565-8E28-DEB06627286A}.Release|Any CPU.ActiveCfg = Release|Any CPU
		{2ED2BEFD-E7A6-4565-8E28-DEB06627286A}.Release|Any CPU.Build.0 = Release|Any CPU
		{4F8C2077-FB9F-47F5-B11B-7DF3E0CD675C}.Debug|Any CPU.ActiveCfg = Debug|Any CPU
		{4F8C2077-FB9F-47F5-B11B-7DF3E0CD675C}.Debug|Any CPU.Build.0 = Debug|Any CPU
		{4F8C2077-FB9F-47F5-B11B-7DF3E0CD675C}.Release|Any CPU.ActiveCfg = Release|Any CPU
		{4F8C2077-FB9F-47F5-B11B-7DF3E0CD675C}.Release|Any CPU.Build.0 = Release|Any CPU
		{61BF07CE-DB33-4E87-AB9A-00FD286856F5}.Debug|Any CPU.ActiveCfg = Debug|Any CPU
		{61BF07CE-DB33-4E87-AB9A-00FD286856F5}.Debug|Any CPU.Build.0 = Debug|Any CPU
		{61BF07CE-DB33-4E87-AB9A-00FD286856F5}.Release|Any CPU.ActiveCfg = Release|Any CPU
		{61BF07CE-DB33-4E87-AB9A-00FD286856F5}.Release|Any CPU.Build.0 = Release|Any CPU
		{2C51AF9A-AEF7-4D75-BEF6-E47C6B5DF62A}.Debug|Any CPU.ActiveCfg = Debug|Any CPU
		{2C51AF9A-AEF7-4D75-BEF6-E47C6B5DF62A}.Debug|Any CPU.Build.0 = Debug|Any CPU
		{2C51AF9A-AEF7-4D75-BEF6-E47C6B5DF62A}.Release|Any CPU.ActiveCfg = Release|Any CPU
		{2C51AF9A-AEF7-4D75-BEF6-E47C6B5DF62A}.Release|Any CPU.Build.0 = Release|Any CPU
		{BD909209-EBC8-4BD0-9092-0005EF98E046}.Debug|Any CPU.ActiveCfg = Debug|Any CPU
		{BD909209-EBC8-4BD0-9092-0005EF98E046}.Debug|Any CPU.Build.0 = Debug|Any CPU
		{BD909209-EBC8-4BD0-9092-0005EF98E046}.Release|Any CPU.ActiveCfg = Release|Any CPU
		{BD909209-EBC8-4BD0-9092-0005EF98E046}.Release|Any CPU.Build.0 = Release|Any CPU
		{1CCB4DBE-1A9A-4757-B9BA-63F44AFB8EAB}.Debug|Any CPU.ActiveCfg = Debug|Any CPU
		{1CCB4DBE-1A9A-4757-B9BA-63F44AFB8EAB}.Debug|Any CPU.Build.0 = Debug|Any CPU
		{1CCB4DBE-1A9A-4757-B9BA-63F44AFB8EAB}.Release|Any CPU.ActiveCfg = Release|Any CPU
		{1CCB4DBE-1A9A-4757-B9BA-63F44AFB8EAB}.Release|Any CPU.Build.0 = Release|Any CPU
		{24F53146-4F05-4DF8-A2F9-25EA160DD5A7}.Debug|Any CPU.ActiveCfg = Debug|Any CPU
		{24F53146-4F05-4DF8-A2F9-25EA160DD5A7}.Debug|Any CPU.Build.0 = Debug|Any CPU
		{24F53146-4F05-4DF8-A2F9-25EA160DD5A7}.Release|Any CPU.ActiveCfg = Release|Any CPU
		{24F53146-4F05-4DF8-A2F9-25EA160DD5A7}.Release|Any CPU.Build.0 = Release|Any CPU
		{6DA36551-F8AD-47D9-8166-8B63AE4B5858}.Debug|Any CPU.ActiveCfg = Debug|Any CPU
		{6DA36551-F8AD-47D9-8166-8B63AE4B5858}.Debug|Any CPU.Build.0 = Debug|Any CPU
		{6DA36551-F8AD-47D9-8166-8B63AE4B5858}.Release|Any CPU.ActiveCfg = Release|Any CPU
		{6DA36551-F8AD-47D9-8166-8B63AE4B5858}.Release|Any CPU.Build.0 = Release|Any CPU
		{58E5CD3C-B068-418F-A3A4-B90280421B6E}.Debug|Any CPU.ActiveCfg = Debug|Any CPU
		{58E5CD3C-B068-418F-A3A4-B90280421B6E}.Debug|Any CPU.Build.0 = Debug|Any CPU
		{58E5CD3C-B068-418F-A3A4-B90280421B6E}.Release|Any CPU.ActiveCfg = Release|Any CPU
		{58E5CD3C-B068-418F-A3A4-B90280421B6E}.Release|Any CPU.Build.0 = Release|Any CPU
		{6897A274-6943-4F3A-BC62-88CFDB134270}.Debug|Any CPU.ActiveCfg = Debug|Any CPU
		{6897A274-6943-4F3A-BC62-88CFDB134270}.Debug|Any CPU.Build.0 = Debug|Any CPU
		{6897A274-6943-4F3A-BC62-88CFDB134270}.Release|Any CPU.ActiveCfg = Release|Any CPU
		{6897A274-6943-4F3A-BC62-88CFDB134270}.Release|Any CPU.Build.0 = Release|Any CPU
		{926A853E-0C60-49CD-8916-C2A1B33F8481}.Debug|Any CPU.ActiveCfg = Debug|Any CPU
		{926A853E-0C60-49CD-8916-C2A1B33F8481}.Debug|Any CPU.Build.0 = Debug|Any CPU
		{926A853E-0C60-49CD-8916-C2A1B33F8481}.Release|Any CPU.ActiveCfg = Release|Any CPU
		{926A853E-0C60-49CD-8916-C2A1B33F8481}.Release|Any CPU.Build.0 = Release|Any CPU
		{F1580249-7F07-4D2F-9CB4-7FE9EFDC9278}.Debug|Any CPU.ActiveCfg = Debug|Any CPU
		{F1580249-7F07-4D2F-9CB4-7FE9EFDC9278}.Debug|Any CPU.Build.0 = Debug|Any CPU
		{F1580249-7F07-4D2F-9CB4-7FE9EFDC9278}.Release|Any CPU.ActiveCfg = Release|Any CPU
		{F1580249-7F07-4D2F-9CB4-7FE9EFDC9278}.Release|Any CPU.Build.0 = Release|Any CPU
		{70AE6860-8A23-42AC-9EB5-725E395C7B41}.Debug|Any CPU.ActiveCfg = Debug|Any CPU
		{70AE6860-8A23-42AC-9EB5-725E395C7B41}.Debug|Any CPU.Build.0 = Debug|Any CPU
		{70AE6860-8A23-42AC-9EB5-725E395C7B41}.Release|Any CPU.ActiveCfg = Release|Any CPU
		{70AE6860-8A23-42AC-9EB5-725E395C7B41}.Release|Any CPU.Build.0 = Release|Any CPU
		{B186F302-985C-4B53-BB9C-047D16A1C2BC}.Debug|Any CPU.ActiveCfg = Debug|Any CPU
		{B186F302-985C-4B53-BB9C-047D16A1C2BC}.Debug|Any CPU.Build.0 = Debug|Any CPU
		{B186F302-985C-4B53-BB9C-047D16A1C2BC}.Release|Any CPU.ActiveCfg = Release|Any CPU
		{B186F302-985C-4B53-BB9C-047D16A1C2BC}.Release|Any CPU.Build.0 = Release|Any CPU
		{F57CC8BA-EEBB-4EBC-B252-4912B828158A}.Debug|Any CPU.ActiveCfg = Debug|Any CPU
		{F57CC8BA-EEBB-4EBC-B252-4912B828158A}.Debug|Any CPU.Build.0 = Debug|Any CPU
		{F57CC8BA-EEBB-4EBC-B252-4912B828158A}.Release|Any CPU.ActiveCfg = Release|Any CPU
		{F57CC8BA-EEBB-4EBC-B252-4912B828158A}.Release|Any CPU.Build.0 = Release|Any CPU
		{BF6E5361-9EF0-46AD-A997-1A4E4EFB21A2}.Debug|Any CPU.ActiveCfg = Debug|Any CPU
		{BF6E5361-9EF0-46AD-A997-1A4E4EFB21A2}.Debug|Any CPU.Build.0 = Debug|Any CPU
		{BF6E5361-9EF0-46AD-A997-1A4E4EFB21A2}.Release|Any CPU.ActiveCfg = Release|Any CPU
		{BF6E5361-9EF0-46AD-A997-1A4E4EFB21A2}.Release|Any CPU.Build.0 = Release|Any CPU
		{59EA89B8-76BB-4677-B7CD-FF1B5613554B}.Debug|Any CPU.ActiveCfg = Debug|Any CPU
		{59EA89B8-76BB-4677-B7CD-FF1B5613554B}.Debug|Any CPU.Build.0 = Debug|Any CPU
		{59EA89B8-76BB-4677-B7CD-FF1B5613554B}.Release|Any CPU.ActiveCfg = Release|Any CPU
		{59EA89B8-76BB-4677-B7CD-FF1B5613554B}.Release|Any CPU.Build.0 = Release|Any CPU
		{C5F28104-ED14-405C-AA9A-0F6DAFD6D1E5}.Debug|Any CPU.ActiveCfg = Debug|Any CPU
		{C5F28104-ED14-405C-AA9A-0F6DAFD6D1E5}.Debug|Any CPU.Build.0 = Debug|Any CPU
		{C5F28104-ED14-405C-AA9A-0F6DAFD6D1E5}.Release|Any CPU.ActiveCfg = Release|Any CPU
		{C5F28104-ED14-405C-AA9A-0F6DAFD6D1E5}.Release|Any CPU.Build.0 = Release|Any CPU
		{B8FFF681-64AB-41AD-9D1B-2C519215C85E}.Debug|Any CPU.ActiveCfg = Debug|Any CPU
		{B8FFF681-64AB-41AD-9D1B-2C519215C85E}.Debug|Any CPU.Build.0 = Debug|Any CPU
		{B8FFF681-64AB-41AD-9D1B-2C519215C85E}.Release|Any CPU.ActiveCfg = Release|Any CPU
		{B8FFF681-64AB-41AD-9D1B-2C519215C85E}.Release|Any CPU.Build.0 = Release|Any CPU
		{8E94D946-B6E3-4A1C-A665-6DA17143069D}.Debug|Any CPU.ActiveCfg = Debug|Any CPU
		{8E94D946-B6E3-4A1C-A665-6DA17143069D}.Debug|Any CPU.Build.0 = Debug|Any CPU
		{8E94D946-B6E3-4A1C-A665-6DA17143069D}.Release|Any CPU.ActiveCfg = Release|Any CPU
		{8E94D946-B6E3-4A1C-A665-6DA17143069D}.Release|Any CPU.Build.0 = Release|Any CPU
		{9477A144-2844-42C1-B029-384301C9F7B7}.Debug|Any CPU.ActiveCfg = Debug|Any CPU
		{9477A144-2844-42C1-B029-384301C9F7B7}.Debug|Any CPU.Build.0 = Debug|Any CPU
		{9477A144-2844-42C1-B029-384301C9F7B7}.Release|Any CPU.ActiveCfg = Release|Any CPU
		{9477A144-2844-42C1-B029-384301C9F7B7}.Release|Any CPU.Build.0 = Release|Any CPU
		{D2FEF776-C995-4602-988A-2F00A8586350}.Debug|Any CPU.ActiveCfg = Debug|Any CPU
		{D2FEF776-C995-4602-988A-2F00A8586350}.Debug|Any CPU.Build.0 = Debug|Any CPU
		{D2FEF776-C995-4602-988A-2F00A8586350}.Release|Any CPU.ActiveCfg = Release|Any CPU
		{D2FEF776-C995-4602-988A-2F00A8586350}.Release|Any CPU.Build.0 = Release|Any CPU
		{35084086-36BE-4F2C-99E4-4F0068F6B1F6}.Debug|Any CPU.ActiveCfg = Debug|Any CPU
		{35084086-36BE-4F2C-99E4-4F0068F6B1F6}.Debug|Any CPU.Build.0 = Debug|Any CPU
		{35084086-36BE-4F2C-99E4-4F0068F6B1F6}.Release|Any CPU.ActiveCfg = Release|Any CPU
		{35084086-36BE-4F2C-99E4-4F0068F6B1F6}.Release|Any CPU.Build.0 = Release|Any CPU
		{9AAFD668-818C-4A85-9B1A-81CEBB04472C}.Debug|Any CPU.ActiveCfg = Debug|Any CPU
		{9AAFD668-818C-4A85-9B1A-81CEBB04472C}.Debug|Any CPU.Build.0 = Debug|Any CPU
		{9AAFD668-818C-4A85-9B1A-81CEBB04472C}.Release|Any CPU.ActiveCfg = Release|Any CPU
		{9AAFD668-818C-4A85-9B1A-81CEBB04472C}.Release|Any CPU.Build.0 = Release|Any CPU
	EndGlobalSection
	GlobalSection(SolutionProperties) = preSolution
		HideSolutionNode = FALSE
	EndGlobalSection
	GlobalSection(ExtensibilityGlobals) = postSolution
		SolutionGuid = {49D29912-A7B4-49A7-87BE-3DB0120D8262}
	EndGlobalSection
EndGlobal
