
Microsoft Visual Studio Solution File, Format Version 12.00
# Visual Studio Version 17
VisualStudioVersion = 17.1.32414.318
MinimumVisualStudioVersion = 10.0.40219.1
Project("{9A19103F-16F7-4668-BE54-9A1E7A4F7556}") = "AdventOfCode", "AdventOfCode\AdventOfCode.csproj", "{45C977A8-833B-4F8C-A2E9-AB8B0C73480E}"
EndProject
Project("{9A19103F-16F7-4668-BE54-9A1E7A4F7556}") = "Day 01", "Day 01\Day 01.csproj", "{E80C5C22-C78A-4ED6-851D-2F80C7A99A3A}"
EndProject
Project("{9A19103F-16F7-4668-BE54-9A1E7A4F7556}") = "Day 02", "Day 02\Day 02.csproj", "{0FB2414C-4B8F-441D-95CB-9F09A74EB26E}"
EndProject
Project("{9A19103F-16F7-4668-BE54-9A1E7A4F7556}") = "Day 03", "Day 03\Day 03.csproj", "{5C527ECD-178C-409D-A21B-3FA1C1BEAB39}"
EndProject
Project("{9A19103F-16F7-4668-BE54-9A1E7A4F7556}") = "Day 04", "Day 04\Day 04.csproj", "{80F95603-5838-492D-9AD9-8C8B91BF9C88}"
EndProject
Project("{9A19103F-16F7-4668-BE54-9A1E7A4F7556}") = "Day 05", "Day 05\Day 05.csproj", "{83932779-F4B3-467D-B545-D3DFEADAD11D}"
EndProject
Project("{9A19103F-16F7-4668-BE54-9A1E7A4F7556}") = "Day 06", "Day 06\Day 06.csproj", "{CAA38BF8-447E-4BEB-89FA-EE7829E2D71E}"
EndProject
Project("{9A19103F-16F7-4668-BE54-9A1E7A4F7556}") = "Day 07", "Day 07\Day 07.csproj", "{DD180286-DC06-4DA4-88A3-01C587CCA2BC}"
EndProject
Project("{9A19103F-16F7-4668-BE54-9A1E7A4F7556}") = "Day 08", "Day 08\Day 08.csproj", "{F64B9441-F0FC-440D-9ECE-DF6ED763A7FB}"
EndProject
Project("{9A19103F-16F7-4668-BE54-9A1E7A4F7556}") = "Day 09", "Day 09\Day 09.csproj", "{CE9C1D1F-E8BC-4094-9C61-9A759EF98411}"
EndProject
Project("{9A19103F-16F7-4668-BE54-9A1E7A4F7556}") = "Day 10", "Day 10\Day 10.csproj", "{974728FD-4326-4CF6-AD97-40085F0E2AA0}"
EndProject
Project("{9A19103F-16F7-4668-BE54-9A1E7A4F7556}") = "Day 11", "Day 11\Day 11.csproj", "{542F2D85-F50A-4A4C-96BC-F57E4487F85F}"
EndProject
Project("{9A19103F-16F7-4668-BE54-9A1E7A4F7556}") = "Day 12", "Day 12\Day 12.csproj", "{1543E918-90DA-410A-A9C8-A4742E667680}"
EndProject
Project("{9A19103F-16F7-4668-BE54-9A1E7A4F7556}") = "Day 13", "Day 13\Day 13.csproj", "{576D80F6-7C88-46AF-B482-948A1D8F8C32}"
EndProject
Project("{9A19103F-16F7-4668-BE54-9A1E7A4F7556}") = "Day 14", "Day 14\Day 14.csproj", "{6EA9D8AE-D6A0-4F90-95FA-D1730C0A8952}"
EndProject
Project("{FAE04EC0-301F-11D3-BF4B-00C04F79EFBC}") = "Day 15", "Day 15\Day 15.csproj", "{499C4945-483D-43F6-8B96-57858B9568B3}"
EndProject
Global
	GlobalSection(SolutionConfigurationPlatforms) = preSolution
		Debug|Any CPU = Debug|Any CPU
		Release|Any CPU = Release|Any CPU
	EndGlobalSection
	GlobalSection(ProjectConfigurationPlatforms) = postSolution
		{45C977A8-833B-4F8C-A2E9-AB8B0C73480E}.Debug|Any CPU.ActiveCfg = Debug|Any CPU
		{45C977A8-833B-4F8C-A2E9-AB8B0C73480E}.Debug|Any CPU.Build.0 = Debug|Any CPU
		{45C977A8-833B-4F8C-A2E9-AB8B0C73480E}.Release|Any CPU.ActiveCfg = Release|Any CPU
		{45C977A8-833B-4F8C-A2E9-AB8B0C73480E}.Release|Any CPU.Build.0 = Release|Any CPU
		{E80C5C22-C78A-4ED6-851D-2F80C7A99A3A}.Debug|Any CPU.ActiveCfg = Debug|Any CPU
		{E80C5C22-C78A-4ED6-851D-2F80C7A99A3A}.Debug|Any CPU.Build.0 = Debug|Any CPU
		{E80C5C22-C78A-4ED6-851D-2F80C7A99A3A}.Release|Any CPU.ActiveCfg = Release|Any CPU
		{E80C5C22-C78A-4ED6-851D-2F80C7A99A3A}.Release|Any CPU.Build.0 = Release|Any CPU
		{0FB2414C-4B8F-441D-95CB-9F09A74EB26E}.Debug|Any CPU.ActiveCfg = Debug|Any CPU
		{0FB2414C-4B8F-441D-95CB-9F09A74EB26E}.Debug|Any CPU.Build.0 = Debug|Any CPU
		{0FB2414C-4B8F-441D-95CB-9F09A74EB26E}.Release|Any CPU.ActiveCfg = Release|Any CPU
		{0FB2414C-4B8F-441D-95CB-9F09A74EB26E}.Release|Any CPU.Build.0 = Release|Any CPU
		{5C527ECD-178C-409D-A21B-3FA1C1BEAB39}.Debug|Any CPU.ActiveCfg = Debug|Any CPU
		{5C527ECD-178C-409D-A21B-3FA1C1BEAB39}.Debug|Any CPU.Build.0 = Debug|Any CPU
		{5C527ECD-178C-409D-A21B-3FA1C1BEAB39}.Release|Any CPU.ActiveCfg = Release|Any CPU
		{5C527ECD-178C-409D-A21B-3FA1C1BEAB39}.Release|Any CPU.Build.0 = Release|Any CPU
		{80F95603-5838-492D-9AD9-8C8B91BF9C88}.Debug|Any CPU.ActiveCfg = Debug|Any CPU
		{80F95603-5838-492D-9AD9-8C8B91BF9C88}.Debug|Any CPU.Build.0 = Debug|Any CPU
		{80F95603-5838-492D-9AD9-8C8B91BF9C88}.Release|Any CPU.ActiveCfg = Release|Any CPU
		{80F95603-5838-492D-9AD9-8C8B91BF9C88}.Release|Any CPU.Build.0 = Release|Any CPU
		{83932779-F4B3-467D-B545-D3DFEADAD11D}.Debug|Any CPU.ActiveCfg = Debug|Any CPU
		{83932779-F4B3-467D-B545-D3DFEADAD11D}.Debug|Any CPU.Build.0 = Debug|Any CPU
		{83932779-F4B3-467D-B545-D3DFEADAD11D}.Release|Any CPU.ActiveCfg = Release|Any CPU
		{83932779-F4B3-467D-B545-D3DFEADAD11D}.Release|Any CPU.Build.0 = Release|Any CPU
		{CAA38BF8-447E-4BEB-89FA-EE7829E2D71E}.Debug|Any CPU.ActiveCfg = Debug|Any CPU
		{CAA38BF8-447E-4BEB-89FA-EE7829E2D71E}.Debug|Any CPU.Build.0 = Debug|Any CPU
		{CAA38BF8-447E-4BEB-89FA-EE7829E2D71E}.Release|Any CPU.ActiveCfg = Release|Any CPU
		{CAA38BF8-447E-4BEB-89FA-EE7829E2D71E}.Release|Any CPU.Build.0 = Release|Any CPU
		{DD180286-DC06-4DA4-88A3-01C587CCA2BC}.Debug|Any CPU.ActiveCfg = Debug|Any CPU
		{DD180286-DC06-4DA4-88A3-01C587CCA2BC}.Debug|Any CPU.Build.0 = Debug|Any CPU
		{DD180286-DC06-4DA4-88A3-01C587CCA2BC}.Release|Any CPU.ActiveCfg = Release|Any CPU
		{DD180286-DC06-4DA4-88A3-01C587CCA2BC}.Release|Any CPU.Build.0 = Release|Any CPU
		{F64B9441-F0FC-440D-9ECE-DF6ED763A7FB}.Debug|Any CPU.ActiveCfg = Debug|Any CPU
		{F64B9441-F0FC-440D-9ECE-DF6ED763A7FB}.Debug|Any CPU.Build.0 = Debug|Any CPU
		{F64B9441-F0FC-440D-9ECE-DF6ED763A7FB}.Release|Any CPU.ActiveCfg = Release|Any CPU
		{F64B9441-F0FC-440D-9ECE-DF6ED763A7FB}.Release|Any CPU.Build.0 = Release|Any CPU
		{CE9C1D1F-E8BC-4094-9C61-9A759EF98411}.Debug|Any CPU.ActiveCfg = Debug|Any CPU
		{CE9C1D1F-E8BC-4094-9C61-9A759EF98411}.Debug|Any CPU.Build.0 = Debug|Any CPU
		{CE9C1D1F-E8BC-4094-9C61-9A759EF98411}.Release|Any CPU.ActiveCfg = Release|Any CPU
		{CE9C1D1F-E8BC-4094-9C61-9A759EF98411}.Release|Any CPU.Build.0 = Release|Any CPU
		{974728FD-4326-4CF6-AD97-40085F0E2AA0}.Debug|Any CPU.ActiveCfg = Debug|Any CPU
		{974728FD-4326-4CF6-AD97-40085F0E2AA0}.Debug|Any CPU.Build.0 = Debug|Any CPU
		{974728FD-4326-4CF6-AD97-40085F0E2AA0}.Release|Any CPU.ActiveCfg = Release|Any CPU
		{974728FD-4326-4CF6-AD97-40085F0E2AA0}.Release|Any CPU.Build.0 = Release|Any CPU
		{542F2D85-F50A-4A4C-96BC-F57E4487F85F}.Debug|Any CPU.ActiveCfg = Debug|Any CPU
		{542F2D85-F50A-4A4C-96BC-F57E4487F85F}.Debug|Any CPU.Build.0 = Debug|Any CPU
		{542F2D85-F50A-4A4C-96BC-F57E4487F85F}.Release|Any CPU.ActiveCfg = Release|Any CPU
		{542F2D85-F50A-4A4C-96BC-F57E4487F85F}.Release|Any CPU.Build.0 = Release|Any CPU
		{1543E918-90DA-410A-A9C8-A4742E667680}.Debug|Any CPU.ActiveCfg = Debug|Any CPU
		{1543E918-90DA-410A-A9C8-A4742E667680}.Debug|Any CPU.Build.0 = Debug|Any CPU
		{1543E918-90DA-410A-A9C8-A4742E667680}.Release|Any CPU.ActiveCfg = Release|Any CPU
		{1543E918-90DA-410A-A9C8-A4742E667680}.Release|Any CPU.Build.0 = Release|Any CPU
		{576D80F6-7C88-46AF-B482-948A1D8F8C32}.Debug|Any CPU.ActiveCfg = Debug|Any CPU
		{576D80F6-7C88-46AF-B482-948A1D8F8C32}.Debug|Any CPU.Build.0 = Debug|Any CPU
		{576D80F6-7C88-46AF-B482-948A1D8F8C32}.Release|Any CPU.ActiveCfg = Release|Any CPU
		{576D80F6-7C88-46AF-B482-948A1D8F8C32}.Release|Any CPU.Build.0 = Release|Any CPU
		{6EA9D8AE-D6A0-4F90-95FA-D1730C0A8952}.Debug|Any CPU.ActiveCfg = Debug|Any CPU
		{6EA9D8AE-D6A0-4F90-95FA-D1730C0A8952}.Debug|Any CPU.Build.0 = Debug|Any CPU
		{6EA9D8AE-D6A0-4F90-95FA-D1730C0A8952}.Release|Any CPU.ActiveCfg = Release|Any CPU
		{6EA9D8AE-D6A0-4F90-95FA-D1730C0A8952}.Release|Any CPU.Build.0 = Release|Any CPU
		{499C4945-483D-43F6-8B96-57858B9568B3}.Debug|Any CPU.ActiveCfg = Debug|Any CPU
		{499C4945-483D-43F6-8B96-57858B9568B3}.Debug|Any CPU.Build.0 = Debug|Any CPU
		{499C4945-483D-43F6-8B96-57858B9568B3}.Release|Any CPU.ActiveCfg = Release|Any CPU
		{499C4945-483D-43F6-8B96-57858B9568B3}.Release|Any CPU.Build.0 = Release|Any CPU
	EndGlobalSection
	GlobalSection(SolutionProperties) = preSolution
		HideSolutionNode = FALSE
	EndGlobalSection
	GlobalSection(ExtensibilityGlobals) = postSolution
		SolutionGuid = {A65036F0-4473-4DB3-8737-74A420B9D74D}
	EndGlobalSection
EndGlobal
