
Microsoft Visual Studio Solution File, Format Version 12.00
# Visual Studio Version 17
VisualStudioVersion = 17.0.31919.166
MinimumVisualStudioVersion = 10.0.40219.1
Project("{9A19103F-16F7-4668-BE54-9A1E7A4F7556}") = "AdventOfCode", "AdventOfCode\AdventOfCode.csproj", "{45C977A8-833B-4F8C-A2E9-AB8B0C73480E}"
EndProject
Project("{9A19103F-16F7-4668-BE54-9A1E7A4F7556}") = "Day 01", "Day 01\Day 01.csproj", "{E80C5C22-C78A-4ED6-851D-2F80C7A99A3A}"
EndProject
Project("{9A19103F-16F7-4668-BE54-9A1E7A4F7556}") = "Day 02", "Day 02\Day 02.csproj", "{24FA89D9-2946-40CA-91D6-3860E60D9059}"
EndProject
Project("{9A19103F-16F7-4668-BE54-9A1E7A4F7556}") = "Day 03", "Day 03\Day 03.csproj", "{2862DBE4-4825-458A-8336-72DEEA9AF5F4}"
EndProject
Project("{9A19103F-16F7-4668-BE54-9A1E7A4F7556}") = "Day 04", "Day 04\Day 04.csproj", "{3487F831-99FC-4ABE-BF36-3012E63C13B2}"
EndProject
Project("{9A19103F-16F7-4668-BE54-9A1E7A4F7556}") = "Day 05", "Day 05\Day 05.csproj", "{EF47C3F7-52D0-4AF4-AC9B-BC35900E91D2}"
EndProject
Project("{9A19103F-16F7-4668-BE54-9A1E7A4F7556}") = "Day 06", "Day 06\Day 06.csproj", "{49E28983-FFE7-49BA-AC3C-7B1B1E0D9029}"
EndProject
Project("{9A19103F-16F7-4668-BE54-9A1E7A4F7556}") = "Day 07", "Day 07\Day 07.csproj", "{EC05AB15-52BC-4F07-B673-465B960DE1D1}"
EndProject
Project("{9A19103F-16F7-4668-BE54-9A1E7A4F7556}") = "Day 08", "Day 08\Day 08.csproj", "{38869030-7FD9-4698-8B93-BED73092ADB2}"
EndProject
Project("{9A19103F-16F7-4668-BE54-9A1E7A4F7556}") = "Day 09", "Day 09\Day 09.csproj", "{28CE4E70-5D93-43F2-98AA-331227F86ABA}"
EndProject
Project("{9A19103F-16F7-4668-BE54-9A1E7A4F7556}") = "Day 10", "Day 10\Day 10.csproj", "{87A57F04-310C-4BA4-81B4-2D33C86D4A7F}"
EndProject
Project("{9A19103F-16F7-4668-BE54-9A1E7A4F7556}") = "Day 11", "Day 11\Day 11.csproj", "{D42B1844-DC51-496D-AACF-66FDCF61706F}"
EndProject
Project("{9A19103F-16F7-4668-BE54-9A1E7A4F7556}") = "Day 12", "Day 12\Day 12.csproj", "{996F7505-5632-416D-A39D-0AEC61DD4A08}"
EndProject
Project("{9A19103F-16F7-4668-BE54-9A1E7A4F7556}") = "Day 13", "Day 13\Day 13.csproj", "{138D77FD-E189-436F-9AF8-9F8F7867BA04}"
EndProject
Project("{9A19103F-16F7-4668-BE54-9A1E7A4F7556}") = "Day 14", "Day 14\Day 14.csproj", "{EDFE0563-7233-415B-81C5-DC3738E3E1A6}"
EndProject
Project("{9A19103F-16F7-4668-BE54-9A1E7A4F7556}") = "Day 15", "Day 15\Day 15.csproj", "{68EEF688-940B-43F8-AC26-21220EF83599}"
EndProject
Project("{9A19103F-16F7-4668-BE54-9A1E7A4F7556}") = "Day 16", "Day 16\Day 16.csproj", "{D5EAC803-4CBC-40FF-ACC6-F11C448A70A4}"
EndProject
Project("{9A19103F-16F7-4668-BE54-9A1E7A4F7556}") = "Day 17", "Day 17\Day 17.csproj", "{D26722B2-A99F-4824-93A0-6F0BC66C3C38}"
EndProject
Project("{9A19103F-16F7-4668-BE54-9A1E7A4F7556}") = "Day 18", "Day 18\Day 18.csproj", "{282FD0BF-DEEE-4888-9396-15CB4380D0A9}"
EndProject
Project("{9A19103F-16F7-4668-BE54-9A1E7A4F7556}") = "Day 19", "Day 19\Day 19.csproj", "{06200105-7647-4144-B310-8754AFF103C6}"
EndProject
Project("{9A19103F-16F7-4668-BE54-9A1E7A4F7556}") = "Day 20", "Day 20\Day 20.csproj", "{F40005DD-3DBD-4560-8AAC-4C926CC21242}"
EndProject
Project("{FAE04EC0-301F-11D3-BF4B-00C04F79EFBC}") = "Day 21", "Day 21\Day 21.csproj", "{455EFF5E-CEA6-45CD-8EA9-D20AA17FF227}"
EndProject
Global
	GlobalSection(SolutionConfigurationPlatforms) = preSolution
		Debug|Any CPU = Debug|Any CPU
		Release|Any CPU = Release|Any CPU
	EndGlobalSection
	GlobalSection(ProjectConfigurationPlatforms) = postSolution
		{45C977A8-833B-4F8C-A2E9-AB8B0C73480E}.Debug|Any CPU.ActiveCfg = Debug|Any CPU
		{45C977A8-833B-4F8C-A2E9-AB8B0C73480E}.Debug|Any CPU.Build.0 = Debug|Any CPU
		{45C977A8-833B-4F8C-A2E9-AB8B0C73480E}.Release|Any CPU.ActiveCfg = Release|Any CPU
		{45C977A8-833B-4F8C-A2E9-AB8B0C73480E}.Release|Any CPU.Build.0 = Release|Any CPU
		{E80C5C22-C78A-4ED6-851D-2F80C7A99A3A}.Debug|Any CPU.ActiveCfg = Debug|Any CPU
		{E80C5C22-C78A-4ED6-851D-2F80C7A99A3A}.Debug|Any CPU.Build.0 = Debug|Any CPU
		{E80C5C22-C78A-4ED6-851D-2F80C7A99A3A}.Release|Any CPU.ActiveCfg = Release|Any CPU
		{E80C5C22-C78A-4ED6-851D-2F80C7A99A3A}.Release|Any CPU.Build.0 = Release|Any CPU
		{24FA89D9-2946-40CA-91D6-3860E60D9059}.Debug|Any CPU.ActiveCfg = Debug|Any CPU
		{24FA89D9-2946-40CA-91D6-3860E60D9059}.Debug|Any CPU.Build.0 = Debug|Any CPU
		{24FA89D9-2946-40CA-91D6-3860E60D9059}.Release|Any CPU.ActiveCfg = Release|Any CPU
		{24FA89D9-2946-40CA-91D6-3860E60D9059}.Release|Any CPU.Build.0 = Release|Any CPU
		{2862DBE4-4825-458A-8336-72DEEA9AF5F4}.Debug|Any CPU.ActiveCfg = Debug|Any CPU
		{2862DBE4-4825-458A-8336-72DEEA9AF5F4}.Debug|Any CPU.Build.0 = Debug|Any CPU
		{2862DBE4-4825-458A-8336-72DEEA9AF5F4}.Release|Any CPU.ActiveCfg = Release|Any CPU
		{2862DBE4-4825-458A-8336-72DEEA9AF5F4}.Release|Any CPU.Build.0 = Release|Any CPU
		{3487F831-99FC-4ABE-BF36-3012E63C13B2}.Debug|Any CPU.ActiveCfg = Debug|Any CPU
		{3487F831-99FC-4ABE-BF36-3012E63C13B2}.Debug|Any CPU.Build.0 = Debug|Any CPU
		{3487F831-99FC-4ABE-BF36-3012E63C13B2}.Release|Any CPU.ActiveCfg = Release|Any CPU
		{3487F831-99FC-4ABE-BF36-3012E63C13B2}.Release|Any CPU.Build.0 = Release|Any CPU
		{EF47C3F7-52D0-4AF4-AC9B-BC35900E91D2}.Debug|Any CPU.ActiveCfg = Debug|Any CPU
		{EF47C3F7-52D0-4AF4-AC9B-BC35900E91D2}.Debug|Any CPU.Build.0 = Debug|Any CPU
		{EF47C3F7-52D0-4AF4-AC9B-BC35900E91D2}.Release|Any CPU.ActiveCfg = Release|Any CPU
		{EF47C3F7-52D0-4AF4-AC9B-BC35900E91D2}.Release|Any CPU.Build.0 = Release|Any CPU
		{49E28983-FFE7-49BA-AC3C-7B1B1E0D9029}.Debug|Any CPU.ActiveCfg = Debug|Any CPU
		{49E28983-FFE7-49BA-AC3C-7B1B1E0D9029}.Debug|Any CPU.Build.0 = Debug|Any CPU
		{49E28983-FFE7-49BA-AC3C-7B1B1E0D9029}.Release|Any CPU.ActiveCfg = Release|Any CPU
		{49E28983-FFE7-49BA-AC3C-7B1B1E0D9029}.Release|Any CPU.Build.0 = Release|Any CPU
		{EC05AB15-52BC-4F07-B673-465B960DE1D1}.Debug|Any CPU.ActiveCfg = Debug|Any CPU
		{EC05AB15-52BC-4F07-B673-465B960DE1D1}.Debug|Any CPU.Build.0 = Debug|Any CPU
		{EC05AB15-52BC-4F07-B673-465B960DE1D1}.Release|Any CPU.ActiveCfg = Release|Any CPU
		{EC05AB15-52BC-4F07-B673-465B960DE1D1}.Release|Any CPU.Build.0 = Release|Any CPU
		{38869030-7FD9-4698-8B93-BED73092ADB2}.Debug|Any CPU.ActiveCfg = Debug|Any CPU
		{38869030-7FD9-4698-8B93-BED73092ADB2}.Debug|Any CPU.Build.0 = Debug|Any CPU
		{38869030-7FD9-4698-8B93-BED73092ADB2}.Release|Any CPU.ActiveCfg = Release|Any CPU
		{38869030-7FD9-4698-8B93-BED73092ADB2}.Release|Any CPU.Build.0 = Release|Any CPU
		{28CE4E70-5D93-43F2-98AA-331227F86ABA}.Debug|Any CPU.ActiveCfg = Debug|Any CPU
		{28CE4E70-5D93-43F2-98AA-331227F86ABA}.Debug|Any CPU.Build.0 = Debug|Any CPU
		{28CE4E70-5D93-43F2-98AA-331227F86ABA}.Release|Any CPU.ActiveCfg = Release|Any CPU
		{28CE4E70-5D93-43F2-98AA-331227F86ABA}.Release|Any CPU.Build.0 = Release|Any CPU
		{87A57F04-310C-4BA4-81B4-2D33C86D4A7F}.Debug|Any CPU.ActiveCfg = Debug|Any CPU
		{87A57F04-310C-4BA4-81B4-2D33C86D4A7F}.Debug|Any CPU.Build.0 = Debug|Any CPU
		{87A57F04-310C-4BA4-81B4-2D33C86D4A7F}.Release|Any CPU.ActiveCfg = Release|Any CPU
		{87A57F04-310C-4BA4-81B4-2D33C86D4A7F}.Release|Any CPU.Build.0 = Release|Any CPU
		{D42B1844-DC51-496D-AACF-66FDCF61706F}.Debug|Any CPU.ActiveCfg = Debug|Any CPU
		{D42B1844-DC51-496D-AACF-66FDCF61706F}.Debug|Any CPU.Build.0 = Debug|Any CPU
		{D42B1844-DC51-496D-AACF-66FDCF61706F}.Release|Any CPU.ActiveCfg = Release|Any CPU
		{D42B1844-DC51-496D-AACF-66FDCF61706F}.Release|Any CPU.Build.0 = Release|Any CPU
		{996F7505-5632-416D-A39D-0AEC61DD4A08}.Debug|Any CPU.ActiveCfg = Debug|Any CPU
		{996F7505-5632-416D-A39D-0AEC61DD4A08}.Debug|Any CPU.Build.0 = Debug|Any CPU
		{996F7505-5632-416D-A39D-0AEC61DD4A08}.Release|Any CPU.ActiveCfg = Release|Any CPU
		{996F7505-5632-416D-A39D-0AEC61DD4A08}.Release|Any CPU.Build.0 = Release|Any CPU
		{138D77FD-E189-436F-9AF8-9F8F7867BA04}.Debug|Any CPU.ActiveCfg = Debug|Any CPU
		{138D77FD-E189-436F-9AF8-9F8F7867BA04}.Debug|Any CPU.Build.0 = Debug|Any CPU
		{138D77FD-E189-436F-9AF8-9F8F7867BA04}.Release|Any CPU.ActiveCfg = Release|Any CPU
		{138D77FD-E189-436F-9AF8-9F8F7867BA04}.Release|Any CPU.Build.0 = Release|Any CPU
		{EDFE0563-7233-415B-81C5-DC3738E3E1A6}.Debug|Any CPU.ActiveCfg = Debug|Any CPU
		{EDFE0563-7233-415B-81C5-DC3738E3E1A6}.Debug|Any CPU.Build.0 = Debug|Any CPU
		{EDFE0563-7233-415B-81C5-DC3738E3E1A6}.Release|Any CPU.ActiveCfg = Release|Any CPU
		{EDFE0563-7233-415B-81C5-DC3738E3E1A6}.Release|Any CPU.Build.0 = Release|Any CPU
		{68EEF688-940B-43F8-AC26-21220EF83599}.Debug|Any CPU.ActiveCfg = Debug|Any CPU
		{68EEF688-940B-43F8-AC26-21220EF83599}.Debug|Any CPU.Build.0 = Debug|Any CPU
		{68EEF688-940B-43F8-AC26-21220EF83599}.Release|Any CPU.ActiveCfg = Release|Any CPU
		{68EEF688-940B-43F8-AC26-21220EF83599}.Release|Any CPU.Build.0 = Release|Any CPU
		{D5EAC803-4CBC-40FF-ACC6-F11C448A70A4}.Debug|Any CPU.ActiveCfg = Debug|Any CPU
		{D5EAC803-4CBC-40FF-ACC6-F11C448A70A4}.Debug|Any CPU.Build.0 = Debug|Any CPU
		{D5EAC803-4CBC-40FF-ACC6-F11C448A70A4}.Release|Any CPU.ActiveCfg = Release|Any CPU
		{D5EAC803-4CBC-40FF-ACC6-F11C448A70A4}.Release|Any CPU.Build.0 = Release|Any CPU
		{D26722B2-A99F-4824-93A0-6F0BC66C3C38}.Debug|Any CPU.ActiveCfg = Debug|Any CPU
		{D26722B2-A99F-4824-93A0-6F0BC66C3C38}.Debug|Any CPU.Build.0 = Debug|Any CPU
		{D26722B2-A99F-4824-93A0-6F0BC66C3C38}.Release|Any CPU.ActiveCfg = Release|Any CPU
		{D26722B2-A99F-4824-93A0-6F0BC66C3C38}.Release|Any CPU.Build.0 = Release|Any CPU
		{282FD0BF-DEEE-4888-9396-15CB4380D0A9}.Debug|Any CPU.ActiveCfg = Debug|Any CPU
		{282FD0BF-DEEE-4888-9396-15CB4380D0A9}.Debug|Any CPU.Build.0 = Debug|Any CPU
		{282FD0BF-DEEE-4888-9396-15CB4380D0A9}.Release|Any CPU.ActiveCfg = Release|Any CPU
		{282FD0BF-DEEE-4888-9396-15CB4380D0A9}.Release|Any CPU.Build.0 = Release|Any CPU
		{06200105-7647-4144-B310-8754AFF103C6}.Debug|Any CPU.ActiveCfg = Debug|Any CPU
		{06200105-7647-4144-B310-8754AFF103C6}.Debug|Any CPU.Build.0 = Debug|Any CPU
		{06200105-7647-4144-B310-8754AFF103C6}.Release|Any CPU.ActiveCfg = Release|Any CPU
		{06200105-7647-4144-B310-8754AFF103C6}.Release|Any CPU.Build.0 = Release|Any CPU
		{F40005DD-3DBD-4560-8AAC-4C926CC21242}.Debug|Any CPU.ActiveCfg = Debug|Any CPU
		{F40005DD-3DBD-4560-8AAC-4C926CC21242}.Debug|Any CPU.Build.0 = Debug|Any CPU
		{F40005DD-3DBD-4560-8AAC-4C926CC21242}.Release|Any CPU.ActiveCfg = Release|Any CPU
		{F40005DD-3DBD-4560-8AAC-4C926CC21242}.Release|Any CPU.Build.0 = Release|Any CPU
		{455EFF5E-CEA6-45CD-8EA9-D20AA17FF227}.Debug|Any CPU.ActiveCfg = Debug|Any CPU
		{455EFF5E-CEA6-45CD-8EA9-D20AA17FF227}.Debug|Any CPU.Build.0 = Debug|Any CPU
		{455EFF5E-CEA6-45CD-8EA9-D20AA17FF227}.Release|Any CPU.ActiveCfg = Release|Any CPU
		{455EFF5E-CEA6-45CD-8EA9-D20AA17FF227}.Release|Any CPU.Build.0 = Release|Any CPU
	EndGlobalSection
	GlobalSection(SolutionProperties) = preSolution
		HideSolutionNode = FALSE
	EndGlobalSection
	GlobalSection(ExtensibilityGlobals) = postSolution
		SolutionGuid = {A65036F0-4473-4DB3-8737-74A420B9D74D}
	EndGlobalSection
EndGlobal
